
Microsoft Visual Studio Solution File, Format Version 12.00
# Visual Studio Version 16
VisualStudioVersion = 16.0.29020.237
MinimumVisualStudioVersion = 10.0.40219.1
Project("{9A19103F-16F7-4668-BE54-9A1E7A4F7556}") = "CatelogService", "CatelogService\CatelogService.csproj", "{997DF3CC-C2B1-49E1-8AAA-3B65870CD43C}"
EndProject
Project("{9A19103F-16F7-4668-BE54-9A1E7A4F7556}") = "CustomerService", "CustomerService\CustomerService.csproj", "{33C0AF2F-0015-4243-85E4-1BA36DFD2BA5}"
EndProject
Project("{9A19103F-16F7-4668-BE54-9A1E7A4F7556}") = "AdminService", "AdminService\AdminService.csproj", "{A59CDFC8-F5DA-45AB-964F-692C8D75C5C0}"
EndProject
Project("{9A19103F-16F7-4668-BE54-9A1E7A4F7556}") = "Core", "Core\Core.csproj", "{0F965DEB-D58C-4CA3-967B-D9753D082C6B}"
EndProject
Project("{9A19103F-16F7-4668-BE54-9A1E7A4F7556}") = "InfrastructureService", "InfrastructureService\InfrastructureService.csproj", "{3CB7E20B-E4F4-4D22-B742-2DAE087FD431}"
EndProject
Project("{9A19103F-16F7-4668-BE54-9A1E7A4F7556}") = "OrderService", "OrderService\OrderService.csproj", "{26C633AB-02F2-43E2-B779-E00F0D6C9F72}"
EndProject
Project("{9A19103F-16F7-4668-BE54-9A1E7A4F7556}") = "NotificationService", "NotificationService\NotificationService.csproj", "{92C01883-FD21-4DEC-BA8F-FBF1A0A8A453}"
EndProject
Project("{2150E333-8FDC-42A3-9474-1A3956D46DE8}") = "AdminServiceTest", "AdminServiceTest", "{5473230B-9642-4130-93C5-E79C5769133D}"
EndProject
Project("{9A19103F-16F7-4668-BE54-9A1E7A4F7556}") = "AdminServiceTests", "Tests\AdminServiceTests\AdminServiceTests.csproj", "{74A425D0-4709-4377-A292-9E834D4E2248}"
EndProject
Project("{2150E333-8FDC-42A3-9474-1A3956D46DE8}") = "CatelogServiceTest", "CatelogServiceTest", "{3C7CCF78-9DDD-4270-AC3E-19CCB851C97E}"
EndProject
Project("{9A19103F-16F7-4668-BE54-9A1E7A4F7556}") = "CatelogServiceTests", "Tests\CatelogServiceTests\CatelogServiceTests.csproj", "{BBE7F602-C2FD-4675-93E7-9EE5378BBC38}"
EndProject
Project("{2150E333-8FDC-42A3-9474-1A3956D46DE8}") = "CoreTest", "CoreTest", "{B95DEDE1-33BD-4F75-B0D5-BF466DF78E5A}"
EndProject
Project("{9A19103F-16F7-4668-BE54-9A1E7A4F7556}") = "CoreTests", "Tests\CoreTests\CoreTests.csproj", "{6ED61E34-BF9C-40FC-8A68-F378CD5B5ADB}"
EndProject
Project("{2150E333-8FDC-42A3-9474-1A3956D46DE8}") = "CustomerServiceTest", "CustomerServiceTest", "{B14599C7-A38D-4793-A9C7-8AB33A527C94}"
EndProject
Project("{9A19103F-16F7-4668-BE54-9A1E7A4F7556}") = "CustomerServiceTests", "Tests\CustomerServiceTests\CustomerServiceTests.csproj", "{03F32BAE-105C-42BE-AB11-0B9E9BCE983B}"
EndProject
Project("{2150E333-8FDC-42A3-9474-1A3956D46DE8}") = "InfrastructureServiceTest", "InfrastructureServiceTest", "{4FAE2DA1-06D5-45BC-A0D4-B4341FCAE940}"
EndProject
Project("{9A19103F-16F7-4668-BE54-9A1E7A4F7556}") = "InfrastructureServiceTests", "Tests\InfrastructureServiceTests\InfrastructureServiceTests.csproj", "{F4BE3697-4734-4C6C-81D1-7F76435639CD}"
EndProject
Project("{2150E333-8FDC-42A3-9474-1A3956D46DE8}") = "NotificationServiceTest", "NotificationServiceTest", "{E797F1A9-6DBE-4E46-AF8D-36A2185FF114}"
EndProject
Project("{9A19103F-16F7-4668-BE54-9A1E7A4F7556}") = "NotificationServiceTests", "Tests\NotificationServiceTests\NotificationServiceTests.csproj", "{F11CD7E6-4A43-48DB-90C7-E6EB7228D4F8}"
EndProject
Project("{2150E333-8FDC-42A3-9474-1A3956D46DE8}") = "OrderServiceTest", "OrderServiceTest", "{9BFA6656-7750-4941-ABC4-CF38456C100D}"
EndProject
Project("{9A19103F-16F7-4668-BE54-9A1E7A4F7556}") = "OrderServiceTests", "Tests\OrderServiceTests\OrderServiceTests.csproj", "{DF77402D-B30C-40D0-B314-AC0717EFAB7D}"
EndProject
Project("{2150E333-8FDC-42A3-9474-1A3956D46DE8}") = "test", "test", "{C7A50D39-1A8D-4C54-B469-919697ACC171}"
EndProject
Project("{9A19103F-16F7-4668-BE54-9A1E7A4F7556}") = "MessageQueueConsoleAppService", "MessageQueueConsoleAppService\MessageQueueConsoleAppService.csproj", "{0F6FD3D7-937D-4529-910F-6EDD1A60DDB8}"
EndProject
Project("{9A19103F-16F7-4668-BE54-9A1E7A4F7556}") = "BuddyProcessingApp", "BuddyProcessingApp\BuddyProcessingApp.csproj", "{7FA1628E-9CBF-46DA-ACB8-E1E0D65A3870}"
EndProject
Project("{9A19103F-16F7-4668-BE54-9A1E7A4F7556}") = "GRIDService", "GRIDService\GRIDService.csproj", "{90667332-EDC6-4B99-A0CF-6CABF401A257}"
EndProject
Project("{FAE04EC0-301F-11D3-BF4B-00C04F79EFBC}") = "UnblockNumberServiceApp", "UnblockNumberServiceApp\UnblockNumberServiceApp.csproj", "{4AC5890E-F169-4CAA-A4FA-2A3781EEFBAB}"
EndProject
Global
	GlobalSection(SolutionConfigurationPlatforms) = preSolution
		Debug|Any CPU = Debug|Any CPU
		Release|Any CPU = Release|Any CPU
	EndGlobalSection
	GlobalSection(ProjectConfigurationPlatforms) = postSolution
		{997DF3CC-C2B1-49E1-8AAA-3B65870CD43C}.Debug|Any CPU.ActiveCfg = Debug|Any CPU
		{997DF3CC-C2B1-49E1-8AAA-3B65870CD43C}.Debug|Any CPU.Build.0 = Debug|Any CPU
		{997DF3CC-C2B1-49E1-8AAA-3B65870CD43C}.Release|Any CPU.ActiveCfg = Release|Any CPU
		{997DF3CC-C2B1-49E1-8AAA-3B65870CD43C}.Release|Any CPU.Build.0 = Release|Any CPU
		{33C0AF2F-0015-4243-85E4-1BA36DFD2BA5}.Debug|Any CPU.ActiveCfg = Debug|Any CPU
		{33C0AF2F-0015-4243-85E4-1BA36DFD2BA5}.Debug|Any CPU.Build.0 = Debug|Any CPU
		{33C0AF2F-0015-4243-85E4-1BA36DFD2BA5}.Release|Any CPU.ActiveCfg = Release|Any CPU
		{33C0AF2F-0015-4243-85E4-1BA36DFD2BA5}.Release|Any CPU.Build.0 = Release|Any CPU
		{A59CDFC8-F5DA-45AB-964F-692C8D75C5C0}.Debug|Any CPU.ActiveCfg = Debug|Any CPU
		{A59CDFC8-F5DA-45AB-964F-692C8D75C5C0}.Debug|Any CPU.Build.0 = Debug|Any CPU
		{A59CDFC8-F5DA-45AB-964F-692C8D75C5C0}.Release|Any CPU.ActiveCfg = Release|Any CPU
		{A59CDFC8-F5DA-45AB-964F-692C8D75C5C0}.Release|Any CPU.Build.0 = Release|Any CPU
		{0F965DEB-D58C-4CA3-967B-D9753D082C6B}.Debug|Any CPU.ActiveCfg = Debug|Any CPU
		{0F965DEB-D58C-4CA3-967B-D9753D082C6B}.Debug|Any CPU.Build.0 = Debug|Any CPU
		{0F965DEB-D58C-4CA3-967B-D9753D082C6B}.Release|Any CPU.ActiveCfg = Release|Any CPU
		{0F965DEB-D58C-4CA3-967B-D9753D082C6B}.Release|Any CPU.Build.0 = Release|Any CPU
		{3CB7E20B-E4F4-4D22-B742-2DAE087FD431}.Debug|Any CPU.ActiveCfg = Debug|Any CPU
		{3CB7E20B-E4F4-4D22-B742-2DAE087FD431}.Debug|Any CPU.Build.0 = Debug|Any CPU
		{3CB7E20B-E4F4-4D22-B742-2DAE087FD431}.Release|Any CPU.ActiveCfg = Release|Any CPU
		{3CB7E20B-E4F4-4D22-B742-2DAE087FD431}.Release|Any CPU.Build.0 = Release|Any CPU
		{26C633AB-02F2-43E2-B779-E00F0D6C9F72}.Debug|Any CPU.ActiveCfg = Debug|Any CPU
		{26C633AB-02F2-43E2-B779-E00F0D6C9F72}.Debug|Any CPU.Build.0 = Debug|Any CPU
		{26C633AB-02F2-43E2-B779-E00F0D6C9F72}.Release|Any CPU.ActiveCfg = Release|Any CPU
		{26C633AB-02F2-43E2-B779-E00F0D6C9F72}.Release|Any CPU.Build.0 = Release|Any CPU
		{92C01883-FD21-4DEC-BA8F-FBF1A0A8A453}.Debug|Any CPU.ActiveCfg = Debug|Any CPU
		{92C01883-FD21-4DEC-BA8F-FBF1A0A8A453}.Debug|Any CPU.Build.0 = Debug|Any CPU
		{92C01883-FD21-4DEC-BA8F-FBF1A0A8A453}.Release|Any CPU.ActiveCfg = Release|Any CPU
		{92C01883-FD21-4DEC-BA8F-FBF1A0A8A453}.Release|Any CPU.Build.0 = Release|Any CPU
		{74A425D0-4709-4377-A292-9E834D4E2248}.Debug|Any CPU.ActiveCfg = Debug|Any CPU
		{74A425D0-4709-4377-A292-9E834D4E2248}.Debug|Any CPU.Build.0 = Debug|Any CPU
		{74A425D0-4709-4377-A292-9E834D4E2248}.Release|Any CPU.ActiveCfg = Release|Any CPU
		{74A425D0-4709-4377-A292-9E834D4E2248}.Release|Any CPU.Build.0 = Release|Any CPU
		{BBE7F602-C2FD-4675-93E7-9EE5378BBC38}.Debug|Any CPU.ActiveCfg = Debug|Any CPU
		{BBE7F602-C2FD-4675-93E7-9EE5378BBC38}.Debug|Any CPU.Build.0 = Debug|Any CPU
		{BBE7F602-C2FD-4675-93E7-9EE5378BBC38}.Release|Any CPU.ActiveCfg = Release|Any CPU
		{BBE7F602-C2FD-4675-93E7-9EE5378BBC38}.Release|Any CPU.Build.0 = Release|Any CPU
		{6ED61E34-BF9C-40FC-8A68-F378CD5B5ADB}.Debug|Any CPU.ActiveCfg = Debug|Any CPU
		{6ED61E34-BF9C-40FC-8A68-F378CD5B5ADB}.Debug|Any CPU.Build.0 = Debug|Any CPU
		{6ED61E34-BF9C-40FC-8A68-F378CD5B5ADB}.Release|Any CPU.ActiveCfg = Release|Any CPU
		{6ED61E34-BF9C-40FC-8A68-F378CD5B5ADB}.Release|Any CPU.Build.0 = Release|Any CPU
		{03F32BAE-105C-42BE-AB11-0B9E9BCE983B}.Debug|Any CPU.ActiveCfg = Debug|Any CPU
		{03F32BAE-105C-42BE-AB11-0B9E9BCE983B}.Debug|Any CPU.Build.0 = Debug|Any CPU
		{03F32BAE-105C-42BE-AB11-0B9E9BCE983B}.Release|Any CPU.ActiveCfg = Release|Any CPU
		{03F32BAE-105C-42BE-AB11-0B9E9BCE983B}.Release|Any CPU.Build.0 = Release|Any CPU
		{F4BE3697-4734-4C6C-81D1-7F76435639CD}.Debug|Any CPU.ActiveCfg = Debug|Any CPU
		{F4BE3697-4734-4C6C-81D1-7F76435639CD}.Debug|Any CPU.Build.0 = Debug|Any CPU
		{F4BE3697-4734-4C6C-81D1-7F76435639CD}.Release|Any CPU.ActiveCfg = Release|Any CPU
		{F4BE3697-4734-4C6C-81D1-7F76435639CD}.Release|Any CPU.Build.0 = Release|Any CPU
		{F11CD7E6-4A43-48DB-90C7-E6EB7228D4F8}.Debug|Any CPU.ActiveCfg = Debug|Any CPU
		{F11CD7E6-4A43-48DB-90C7-E6EB7228D4F8}.Debug|Any CPU.Build.0 = Debug|Any CPU
		{F11CD7E6-4A43-48DB-90C7-E6EB7228D4F8}.Release|Any CPU.ActiveCfg = Release|Any CPU
		{F11CD7E6-4A43-48DB-90C7-E6EB7228D4F8}.Release|Any CPU.Build.0 = Release|Any CPU
		{DF77402D-B30C-40D0-B314-AC0717EFAB7D}.Debug|Any CPU.ActiveCfg = Debug|Any CPU
		{DF77402D-B30C-40D0-B314-AC0717EFAB7D}.Debug|Any CPU.Build.0 = Debug|Any CPU
		{DF77402D-B30C-40D0-B314-AC0717EFAB7D}.Release|Any CPU.ActiveCfg = Release|Any CPU
		{DF77402D-B30C-40D0-B314-AC0717EFAB7D}.Release|Any CPU.Build.0 = Release|Any CPU
		{0F6FD3D7-937D-4529-910F-6EDD1A60DDB8}.Debug|Any CPU.ActiveCfg = Debug|Any CPU
		{0F6FD3D7-937D-4529-910F-6EDD1A60DDB8}.Debug|Any CPU.Build.0 = Debug|Any CPU
		{0F6FD3D7-937D-4529-910F-6EDD1A60DDB8}.Release|Any CPU.ActiveCfg = Release|Any CPU
		{0F6FD3D7-937D-4529-910F-6EDD1A60DDB8}.Release|Any CPU.Build.0 = Release|Any CPU
		{7FA1628E-9CBF-46DA-ACB8-E1E0D65A3870}.Debug|Any CPU.ActiveCfg = Debug|Any CPU
		{7FA1628E-9CBF-46DA-ACB8-E1E0D65A3870}.Debug|Any CPU.Build.0 = Debug|Any CPU
		{7FA1628E-9CBF-46DA-ACB8-E1E0D65A3870}.Release|Any CPU.ActiveCfg = Release|Any CPU
		{7FA1628E-9CBF-46DA-ACB8-E1E0D65A3870}.Release|Any CPU.Build.0 = Release|Any CPU
		{90667332-EDC6-4B99-A0CF-6CABF401A257}.Debug|Any CPU.ActiveCfg = Debug|Any CPU
		{90667332-EDC6-4B99-A0CF-6CABF401A257}.Debug|Any CPU.Build.0 = Debug|Any CPU
		{90667332-EDC6-4B99-A0CF-6CABF401A257}.Release|Any CPU.ActiveCfg = Release|Any CPU
		{90667332-EDC6-4B99-A0CF-6CABF401A257}.Release|Any CPU.Build.0 = Release|Any CPU
		{4AC5890E-F169-4CAA-A4FA-2A3781EEFBAB}.Debug|Any CPU.ActiveCfg = Debug|Any CPU
		{4AC5890E-F169-4CAA-A4FA-2A3781EEFBAB}.Debug|Any CPU.Build.0 = Debug|Any CPU
		{4AC5890E-F169-4CAA-A4FA-2A3781EEFBAB}.Release|Any CPU.ActiveCfg = Release|Any CPU
		{4AC5890E-F169-4CAA-A4FA-2A3781EEFBAB}.Release|Any CPU.Build.0 = Release|Any CPU
	EndGlobalSection
	GlobalSection(SolutionProperties) = preSolution
		HideSolutionNode = FALSE
	EndGlobalSection
	GlobalSection(NestedProjects) = preSolution
		{5473230B-9642-4130-93C5-E79C5769133D} = {C7A50D39-1A8D-4C54-B469-919697ACC171}
		{74A425D0-4709-4377-A292-9E834D4E2248} = {5473230B-9642-4130-93C5-E79C5769133D}
		{3C7CCF78-9DDD-4270-AC3E-19CCB851C97E} = {C7A50D39-1A8D-4C54-B469-919697ACC171}
		{BBE7F602-C2FD-4675-93E7-9EE5378BBC38} = {3C7CCF78-9DDD-4270-AC3E-19CCB851C97E}
		{B95DEDE1-33BD-4F75-B0D5-BF466DF78E5A} = {C7A50D39-1A8D-4C54-B469-919697ACC171}
		{6ED61E34-BF9C-40FC-8A68-F378CD5B5ADB} = {B95DEDE1-33BD-4F75-B0D5-BF466DF78E5A}
		{B14599C7-A38D-4793-A9C7-8AB33A527C94} = {C7A50D39-1A8D-4C54-B469-919697ACC171}
		{03F32BAE-105C-42BE-AB11-0B9E9BCE983B} = {B14599C7-A38D-4793-A9C7-8AB33A527C94}
		{4FAE2DA1-06D5-45BC-A0D4-B4341FCAE940} = {C7A50D39-1A8D-4C54-B469-919697ACC171}
		{F4BE3697-4734-4C6C-81D1-7F76435639CD} = {4FAE2DA1-06D5-45BC-A0D4-B4341FCAE940}
		{E797F1A9-6DBE-4E46-AF8D-36A2185FF114} = {C7A50D39-1A8D-4C54-B469-919697ACC171}
		{F11CD7E6-4A43-48DB-90C7-E6EB7228D4F8} = {E797F1A9-6DBE-4E46-AF8D-36A2185FF114}
		{9BFA6656-7750-4941-ABC4-CF38456C100D} = {C7A50D39-1A8D-4C54-B469-919697ACC171}
		{DF77402D-B30C-40D0-B314-AC0717EFAB7D} = {9BFA6656-7750-4941-ABC4-CF38456C100D}
	EndGlobalSection
	GlobalSection(ExtensibilityGlobals) = postSolution
		SolutionGuid = {BF52856A-8AB0-4D96-B90B-6F2A1747EE28}
	EndGlobalSection
EndGlobal
